
Microsoft Visual Studio Solution File, Format Version 12.00
# Visual Studio Version 16
VisualStudioVersion = 25.0.1703.5
MinimumVisualStudioVersion = 10.0.40219.1
Project("{FAE04EC0-301F-11D3-BF4B-00C04F79EFBC}") = "L13_FAOC_1024822", "L13_FAOC_1024822\L13_FAOC_1024822.csproj", "{FE61559E-4A6A-4970-816E-BE0EAEAF5D4A}"
EndProject
Global
	GlobalSection(SolutionConfigurationPlatforms) = preSolution
		Debug|Any CPU = Debug|Any CPU
		Release|Any CPU = Release|Any CPU
	EndGlobalSection
	GlobalSection(ProjectConfigurationPlatforms) = postSolution
		{FE61559E-4A6A-4970-816E-BE0EAEAF5D4A}.Debug|Any CPU.ActiveCfg = Debug|Any CPU
		{FE61559E-4A6A-4970-816E-BE0EAEAF5D4A}.Debug|Any CPU.Build.0 = Debug|Any CPU
		{FE61559E-4A6A-4970-816E-BE0EAEAF5D4A}.Release|Any CPU.ActiveCfg = Release|Any CPU
		{FE61559E-4A6A-4970-816E-BE0EAEAF5D4A}.Release|Any CPU.Build.0 = Release|Any CPU
	EndGlobalSection
	GlobalSection(SolutionProperties) = preSolution
		HideSolutionNode = FALSE
	EndGlobalSection
	GlobalSection(ExtensibilityGlobals) = postSolution
		SolutionGuid = {F7784ECE-52CC-4120-AE96-0E5216448E08}
	EndGlobalSection
EndGlobal
